
Microsoft Visual Studio Solution File, Format Version 12.00
# Visual Studio Version 17
VisualStudioVersion = 17.14.36915.13 d17.14
MinimumVisualStudioVersion = 10.0.40219.1
Project("{54A90642-561A-4BB1-A94E-469ADEE60C69}") = "splitweek.client", "splitweek.client\splitweek.client.esproj", "{2B933FE1-CAF3-68CC-0E1B-6FAC854A159B}"
EndProject
Project("{FAE04EC0-301F-11D3-BF4B-00C04F79EFBC}") = "SplitWeek.Server", "SplitWeek.Server\SplitWeek.Server.csproj", "{47AA32A0-E9F5-4B2C-A422-8FE0BC336838}"
EndProject
Global
	GlobalSection(SolutionConfigurationPlatforms) = preSolution
		Debug|Any CPU = Debug|Any CPU
		Release|Any CPU = Release|Any CPU
	EndGlobalSection
	GlobalSection(ProjectConfigurationPlatforms) = postSolution
		{2B933FE1-CAF3-68CC-0E1B-6FAC854A159B}.Debug|Any CPU.ActiveCfg = Debug|Any CPU
		{2B933FE1-CAF3-68CC-0E1B-6FAC854A159B}.Debug|Any CPU.Build.0 = Debug|Any CPU
		{2B933FE1-CAF3-68CC-0E1B-6FAC854A159B}.Debug|Any CPU.Deploy.0 = Debug|Any CPU
		{2B933FE1-CAF3-68CC-0E1B-6FAC854A159B}.Release|Any CPU.ActiveCfg = Release|Any CPU
		{2B933FE1-CAF3-68CC-0E1B-6FAC854A159B}.Release|Any CPU.Build.0 = Release|Any CPU
		{2B933FE1-CAF3-68CC-0E1B-6FAC854A159B}.Release|Any CPU.Deploy.0 = Release|Any CPU
		{47AA32A0-E9F5-4B2C-A422-8FE0BC336838}.Debug|Any CPU.ActiveCfg = Debug|Any CPU
		{47AA32A0-E9F5-4B2C-A422-8FE0BC336838}.Debug|Any CPU.Build.0 = Debug|Any CPU
		{47AA32A0-E9F5-4B2C-A422-8FE0BC336838}.Release|Any CPU.ActiveCfg = Release|Any CPU
		{47AA32A0-E9F5-4B2C-A422-8FE0BC336838}.Release|Any CPU.Build.0 = Release|Any CPU
	EndGlobalSection
	GlobalSection(SolutionProperties) = preSolution
		HideSolutionNode = FALSE
	EndGlobalSection
	GlobalSection(ExtensibilityGlobals) = postSolution
		SolutionGuid = {97F05961-7A02-4F8B-8F7B-4A52955F439D}
	EndGlobalSection
EndGlobal
